// !$*UTF8*$!
{
	archiveVersion = 1;
	classes = {
	};
	objectVersion = 55;
	objects = {

/* Begin PBXBuildFile section */
		8CC712E42801DAA8004C3DBA /* Tests_iOS.swift in Sources */ = {isa = PBXBuildFile; fileRef = 8CC712E32801DAA8004C3DBA /* Tests_iOS.swift */; };
		8CC712E62801DAA8004C3DBA /* Tests_iOSLaunchTests.swift in Sources */ = {isa = PBXBuildFile; fileRef = 8CC712E52801DAA8004C3DBA /* Tests_iOSLaunchTests.swift */; };
		8CC712F02801DAA8004C3DBA /* Tests_macOS.swift in Sources */ = {isa = PBXBuildFile; fileRef = 8CC712EF2801DAA8004C3DBA /* Tests_macOS.swift */; };
		8CC712F22801DAA8004C3DBA /* Tests_macOSLaunchTests.swift in Sources */ = {isa = PBXBuildFile; fileRef = 8CC712F12801DAA8004C3DBA /* Tests_macOSLaunchTests.swift */; };
		8CC712F32801DAA8004C3DBA /* ToDoAPPApp.swift in Sources */ = {isa = PBXBuildFile; fileRef = 8CC712CB2801DAA6004C3DBA /* ToDoAPPApp.swift */; };
		8CC712F42801DAA8004C3DBA /* ToDoAPPApp.swift in Sources */ = {isa = PBXBuildFile; fileRef = 8CC712CB2801DAA6004C3DBA /* ToDoAPPApp.swift */; };
		8CC712F52801DAA8004C3DBA /* ContentView.swift in Sources */ = {isa = PBXBuildFile; fileRef = 8CC712CC2801DAA6004C3DBA /* ContentView.swift */; };
		8CC712F62801DAA8004C3DBA /* ContentView.swift in Sources */ = {isa = PBXBuildFile; fileRef = 8CC712CC2801DAA6004C3DBA /* ContentView.swift */; };
		8CC712F72801DAA8004C3DBA /* Assets.xcassets in Resources */ = {isa = PBXBuildFile; fileRef = 8CC712CD2801DAA8004C3DBA /* Assets.xcassets */; };
		8CC712F82801DAA8004C3DBA /* Assets.xcassets in Resources */ = {isa = PBXBuildFile; fileRef = 8CC712CD2801DAA8004C3DBA /* Assets.xcassets */; };
/* End PBXBuildFile section */

/* Begin PBXContainerItemProxy section */
		8CC712E02801DAA8004C3DBA /* PBXContainerItemProxy */ = {
			isa = PBXContainerItemProxy;
			containerPortal = 8CC712C62801DAA5004C3DBA /* Project object */;
			proxyType = 1;
			remoteGlobalIDString = 8CC712D12801DAA8004C3DBA;
			remoteInfo = "ToDoAPP (iOS)";
		};
		8CC712EC2801DAA8004C3DBA /* PBXContainerItemProxy */ = {
			isa = PBXContainerItemProxy;
			containerPortal = 8CC712C62801DAA5004C3DBA /* Project object */;
			proxyType = 1;
			remoteGlobalIDString = 8CC712D72801DAA8004C3DBA;
			remoteInfo = "ToDoAPP (macOS)";
		};
/* End PBXContainerItemProxy section */

/* Begin PBXFileReference section */
		8CC712CB2801DAA6004C3DBA /* ToDoAPPApp.swift */ = {isa = PBXFileReference; lastKnownFileType = sourcecode.swift; path = ToDoAPPApp.swift; sourceTree = "<group>"; };
		8CC712CC2801DAA6004C3DBA /* ContentView.swift */ = {isa = PBXFileReference; lastKnownFileType = sourcecode.swift; path = ContentView.swift; sourceTree = "<group>"; };
		8CC712CD2801DAA8004C3DBA /* Assets.xcassets */ = {isa = PBXFileReference; lastKnownFileType = folder.assetcatalog; path = Assets.xcassets; sourceTree = "<group>"; };
		8CC712D22801DAA8004C3DBA /* ToDoAPP.app */ = {isa = PBXFileReference; explicitFileType = wrapper.application; includeInIndex = 0; path = ToDoAPP.app; sourceTree = BUILT_PRODUCTS_DIR; };
		8CC712D82801DAA8004C3DBA /* ToDoAPP.app */ = {isa = PBXFileReference; explicitFileType = wrapper.application; includeInIndex = 0; path = ToDoAPP.app; sourceTree = BUILT_PRODUCTS_DIR; };
		8CC712DA2801DAA8004C3DBA /* macOS.entitlements */ = {isa = PBXFileReference; lastKnownFileType = text.plist.entitlements; path = macOS.entitlements; sourceTree = "<group>"; };
		8CC712DF2801DAA8004C3DBA /* Tests iOS.xctest */ = {isa = PBXFileReference; explicitFileType = wrapper.cfbundle; includeInIndex = 0; path = "Tests iOS.xctest"; sourceTree = BUILT_PRODUCTS_DIR; };
		8CC712E32801DAA8004C3DBA /* Tests_iOS.swift */ = {isa = PBXFileReference; lastKnownFileType = sourcecode.swift; path = Tests_iOS.swift; sourceTree = "<group>"; };
		8CC712E52801DAA8004C3DBA /* Tests_iOSLaunchTests.swift */ = {isa = PBXFileReference; lastKnownFileType = sourcecode.swift; path = Tests_iOSLaunchTests.swift; sourceTree = "<group>"; };
		8CC712EB2801DAA8004C3DBA /* Tests macOS.xctest */ = {isa = PBXFileReference; explicitFileType = wrapper.cfbundle; includeInIndex = 0; path = "Tests macOS.xctest"; sourceTree = BUILT_PRODUCTS_DIR; };
		8CC712EF2801DAA8004C3DBA /* Tests_macOS.swift */ = {isa = PBXFileReference; lastKnownFileType = sourcecode.swift; path = Tests_macOS.swift; sourceTree = "<group>"; };
		8CC712F12801DAA8004C3DBA /* Tests_macOSLaunchTests.swift */ = {isa = PBXFileReference; lastKnownFileType = sourcecode.swift; path = Tests_macOSLaunchTests.swift; sourceTree = "<group>"; };
/* End PBXFileReference section */

/* Begin PBXFrameworksBuildPhase section */
		8CC712CF2801DAA8004C3DBA /* Frameworks */ = {
			isa = PBXFrameworksBuildPhase;
			buildActionMask = 2147483647;
			files = (
			);
			runOnlyForDeploymentPostprocessing = 0;
		};
		8CC712D52801DAA8004C3DBA /* Frameworks */ = {
			isa = PBXFrameworksBuildPhase;
			buildActionMask = 2147483647;
			files = (
			);
			runOnlyForDeploymentPostprocessing = 0;
		};
		8CC712DC2801DAA8004C3DBA /* Frameworks */ = {
			isa = PBXFrameworksBuildPhase;
			buildActionMask = 2147483647;
			files = (
			);
			runOnlyForDeploymentPostprocessing = 0;
		};
		8CC712E82801DAA8004C3DBA /* Frameworks */ = {
			isa = PBXFrameworksBuildPhase;
			buildActionMask = 2147483647;
			files = (
			);
			runOnlyForDeploymentPostprocessing = 0;
		};
/* End PBXFrameworksBuildPhase section */

/* Begin PBXGroup section */
		8CC712C52801DAA5004C3DBA = {
			isa = PBXGroup;
			children = (
				8CC712CA2801DAA6004C3DBA /* Shared */,
				8CC712D92801DAA8004C3DBA /* macOS */,
				8CC712E22801DAA8004C3DBA /* Tests iOS */,
				8CC712EE2801DAA8004C3DBA /* Tests macOS */,
				8CC712D32801DAA8004C3DBA /* Products */,
			);
			sourceTree = "<group>";
		};
		8CC712CA2801DAA6004C3DBA /* Shared */ = {
			isa = PBXGroup;
			children = (
				8CC712CB2801DAA6004C3DBA /* ToDoAPPApp.swift */,
				8CC712CC2801DAA6004C3DBA /* ContentView.swift */,
				8CC712CD2801DAA8004C3DBA /* Assets.xcassets */,
			);
			path = Shared;
			sourceTree = "<group>";
		};
		8CC712D32801DAA8004C3DBA /* Products */ = {
			isa = PBXGroup;
			children = (
				8CC712D22801DAA8004C3DBA /* ToDoAPP.app */,
				8CC712D82801DAA8004C3DBA /* ToDoAPP.app */,
				8CC712DF2801DAA8004C3DBA /* Tests iOS.xctest */,
				8CC712EB2801DAA8004C3DBA /* Tests macOS.xctest */,
			);
			name = Products;
			sourceTree = "<group>";
		};
		8CC712D92801DAA8004C3DBA /* macOS */ = {
			isa = PBXGroup;
			children = (
				8CC712DA2801DAA8004C3DBA /* macOS.entitlements */,
			);
			path = macOS;
			sourceTree = "<group>";
		};
		8CC712E22801DAA8004C3DBA /* Tests iOS */ = {
			isa = PBXGroup;
			children = (
				8CC712E32801DAA8004C3DBA /* Tests_iOS.swift */,
				8CC712E52801DAA8004C3DBA /* Tests_iOSLaunchTests.swift */,
			);
			path = "Tests iOS";
			sourceTree = "<group>";
		};
		8CC712EE2801DAA8004C3DBA /* Tests macOS */ = {
			isa = PBXGroup;
			children = (
				8CC712EF2801DAA8004C3DBA /* Tests_macOS.swift */,
				8CC712F12801DAA8004C3DBA /* Tests_macOSLaunchTests.swift */,
			);
			path = "Tests macOS";
			sourceTree = "<group>";
		};
/* End PBXGroup section */

/* Begin PBXNativeTarget section */
		8CC712D12801DAA8004C3DBA /* ToDoAPP (iOS) */ = {
			isa = PBXNativeTarget;
			buildConfigurationList = 8CC712FB2801DAA8004C3DBA /* Build configuration list for PBXNativeTarget "ToDoAPP (iOS)" */;
			buildPhases = (
				8CC712CE2801DAA8004C3DBA /* Sources */,
				8CC712CF2801DAA8004C3DBA /* Frameworks */,
				8CC712D02801DAA8004C3DBA /* Resources */,
			);
			buildRules = (
			);
			dependencies = (
			);
			name = "ToDoAPP (iOS)";
			productName = "ToDoAPP (iOS)";
			productReference = 8CC712D22801DAA8004C3DBA /* ToDoAPP.app */;
			productType = "com.apple.product-type.application";
		};
		8CC712D72801DAA8004C3DBA /* ToDoAPP (macOS) */ = {
			isa = PBXNativeTarget;
			buildConfigurationList = 8CC712FE2801DAA8004C3DBA /* Build configuration list for PBXNativeTarget "ToDoAPP (macOS)" */;
			buildPhases = (
				8CC712D42801DAA8004C3DBA /* Sources */,
				8CC712D52801DAA8004C3DBA /* Frameworks */,
				8CC712D62801DAA8004C3DBA /* Resources */,
			);
			buildRules = (
			);
			dependencies = (
			);
			name = "ToDoAPP (macOS)";
			productName = "ToDoAPP (macOS)";
			productReference = 8CC712D82801DAA8004C3DBA /* ToDoAPP.app */;
			productType = "com.apple.product-type.application";
		};
		8CC712DE2801DAA8004C3DBA /* Tests iOS */ = {
			isa = PBXNativeTarget;
			buildConfigurationList = 8CC713012801DAA8004C3DBA /* Build configuration list for PBXNativeTarget "Tests iOS" */;
			buildPhases = (
				8CC712DB2801DAA8004C3DBA /* Sources */,
				8CC712DC2801DAA8004C3DBA /* Frameworks */,
				8CC712DD2801DAA8004C3DBA /* Resources */,
			);
			buildRules = (
			);
			dependencies = (
				8CC712E12801DAA8004C3DBA /* PBXTargetDependency */,
			);
			name = "Tests iOS";
			productName = "Tests iOS";
			productReference = 8CC712DF2801DAA8004C3DBA /* Tests iOS.xctest */;
			productType = "com.apple.product-type.bundle.ui-testing";
		};
		8CC712EA2801DAA8004C3DBA /* Tests macOS */ = {
			isa = PBXNativeTarget;
			buildConfigurationList = 8CC713042801DAA8004C3DBA /* Build configuration list for PBXNativeTarget "Tests macOS" */;
			buildPhases = (
				8CC712E72801DAA8004C3DBA /* Sources */,
				8CC712E82801DAA8004C3DBA /* Frameworks */,
				8CC712E92801DAA8004C3DBA /* Resources */,
			);
			buildRules = (
			);
			dependencies = (
				8CC712ED2801DAA8004C3DBA /* PBXTargetDependency */,
			);
			name = "Tests macOS";
			productName = "Tests macOS";
			productReference = 8CC712EB2801DAA8004C3DBA /* Tests macOS.xctest */;
			productType = "com.apple.product-type.bundle.ui-testing";
		};
/* End PBXNativeTarget section */

/* Begin PBXProject section */
		8CC712C62801DAA5004C3DBA /* Project object */ = {
			isa = PBXProject;
			attributes = {
				BuildIndependentTargetsInParallel = 1;
				LastSwiftUpdateCheck = 1330;
				LastUpgradeCheck = 1330;
				TargetAttributes = {
					8CC712D12801DAA8004C3DBA = {
						CreatedOnToolsVersion = 13.3;
					};
					8CC712D72801DAA8004C3DBA = {
						CreatedOnToolsVersion = 13.3;
					};
					8CC712DE2801DAA8004C3DBA = {
						CreatedOnToolsVersion = 13.3;
						TestTargetID = 8CC712D12801DAA8004C3DBA;
					};
					8CC712EA2801DAA8004C3DBA = {
						CreatedOnToolsVersion = 13.3;
						TestTargetID = 8CC712D72801DAA8004C3DBA;
					};
				};
			};
			buildConfigurationList = 8CC712C92801DAA5004C3DBA /* Build configuration list for PBXProject "ToDoAPP" */;
			compatibilityVersion = "Xcode 13.0";
			developmentRegion = en;
			hasScannedForEncodings = 0;
			knownRegions = (
				en,
				Base,
			);
			mainGroup = 8CC712C52801DAA5004C3DBA;
			productRefGroup = 8CC712D32801DAA8004C3DBA /* Products */;
			projectDirPath = "";
			projectRoot = "";
			targets = (
				8CC712D12801DAA8004C3DBA /* ToDoAPP (iOS) */,
				8CC712D72801DAA8004C3DBA /* ToDoAPP (macOS) */,
				8CC712DE2801DAA8004C3DBA /* Tests iOS */,
				8CC712EA2801DAA8004C3DBA /* Tests macOS */,
			);
		};
/* End PBXProject section */

/* Begin PBXResourcesBuildPhase section */
		8CC712D02801DAA8004C3DBA /* Resources */ = {
			isa = PBXResourcesBuildPhase;
			buildActionMask = 2147483647;
			files = (
				8CC712F72801DAA8004C3DBA /* Assets.xcassets in Resources */,
			);
			runOnlyForDeploymentPostprocessing = 0;
		};
		8CC712D62801DAA8004C3DBA /* Resources */ = {
			isa = PBXResourcesBuildPhase;
			buildActionMask = 2147483647;
			files = (
				8CC712F82801DAA8004C3DBA /* Assets.xcassets in Resources */,
			);
			runOnlyForDeploymentPostprocessing = 0;
		};
		8CC712DD2801DAA8004C3DBA /* Resources */ = {
			isa = PBXResourcesBuildPhase;
			buildActionMask = 2147483647;
			files = (
			);
			runOnlyForDeploymentPostprocessing = 0;
		};
		8CC712E92801DAA8004C3DBA /* Resources */ = {
			isa = PBXResourcesBuildPhase;
			buildActionMask = 2147483647;
			files = (
			);
			runOnlyForDeploymentPostprocessing = 0;
		};
/* End PBXResourcesBuildPhase section */

/* Begin PBXSourcesBuildPhase section */
		8CC712CE2801DAA8004C3DBA /* Sources */ = {
			isa = PBXSourcesBuildPhase;
			buildActionMask = 2147483647;
			files = (
				8CC712F52801DAA8004C3DBA /* ContentView.swift in Sources */,
				8CC712F32801DAA8004C3DBA /* ToDoAPPApp.swift in Sources */,
			);
			runOnlyForDeploymentPostprocessing = 0;
		};
		8CC712D42801DAA8004C3DBA /* Sources */ = {
			isa = PBXSourcesBuildPhase;
			buildActionMask = 2147483647;
			files = (
				8CC712F62801DAA8004C3DBA /* ContentView.swift in Sources */,
				8CC712F42801DAA8004C3DBA /* ToDoAPPApp.swift in Sources */,
			);
			runOnlyForDeploymentPostprocessing = 0;
		};
		8CC712DB2801DAA8004C3DBA /* Sources */ = {
			isa = PBXSourcesBuildPhase;
			buildActionMask = 2147483647;
			files = (
				8CC712E62801DAA8004C3DBA /* Tests_iOSLaunchTests.swift in Sources */,
				8CC712E42801DAA8004C3DBA /* Tests_iOS.swift in Sources */,
			);
			runOnlyForDeploymentPostprocessing = 0;
		};
		8CC712E72801DAA8004C3DBA /* Sources */ = {
			isa = PBXSourcesBuildPhase;
			buildActionMask = 2147483647;
			files = (
				8CC712F22801DAA8004C3DBA /* Tests_macOSLaunchTests.swift in Sources */,
				8CC712F02801DAA8004C3DBA /* Tests_macOS.swift in Sources */,
			);
			runOnlyForDeploymentPostprocessing = 0;
		};
/* End PBXSourcesBuildPhase section */

/* Begin PBXTargetDependency section */
		8CC712E12801DAA8004C3DBA /* PBXTargetDependency */ = {
			isa = PBXTargetDependency;
			target = 8CC712D12801DAA8004C3DBA /* ToDoAPP (iOS) */;
			targetProxy = 8CC712E02801DAA8004C3DBA /* PBXContainerItemProxy */;
		};
		8CC712ED2801DAA8004C3DBA /* PBXTargetDependency */ = {
			isa = PBXTargetDependency;
			target = 8CC712D72801DAA8004C3DBA /* ToDoAPP (macOS) */;
			targetProxy = 8CC712EC2801DAA8004C3DBA /* PBXContainerItemProxy */;
		};
/* End PBXTargetDependency section */

/* Begin XCBuildConfiguration section */
		8CC712F92801DAA8004C3DBA /* Debug */ = {
			isa = XCBuildConfiguration;
			buildSettings = {
				ALWAYS_SEARCH_USER_PATHS = NO;
				CLANG_ANALYZER_NONNULL = YES;
				CLANG_ANALYZER_NUMBER_OBJECT_CONVERSION = YES_AGGRESSIVE;
				CLANG_CXX_LANGUAGE_STANDARD = "gnu++17";
				CLANG_ENABLE_MODULES = YES;
				CLANG_ENABLE_OBJC_ARC = YES;
				CLANG_ENABLE_OBJC_WEAK = YES;
				CLANG_WARN_BLOCK_CAPTURE_AUTORELEASING = YES;
				CLANG_WARN_BOOL_CONVERSION = YES;
				CLANG_WARN_COMMA = YES;
				CLANG_WARN_CONSTANT_CONVERSION = YES;
				CLANG_WARN_DEPRECATED_OBJC_IMPLEMENTATIONS = YES;
				CLANG_WARN_DIRECT_OBJC_ISA_USAGE = YES_ERROR;
				CLANG_WARN_DOCUMENTATION_COMMENTS = YES;
				CLANG_WARN_EMPTY_BODY = YES;
				CLANG_WARN_ENUM_CONVERSION = YES;
				CLANG_WARN_INFINITE_RECURSION = YES;
				CLANG_WARN_INT_CONVERSION = YES;
				CLANG_WARN_NON_LITERAL_NULL_CONVERSION = YES;
				CLANG_WARN_OBJC_IMPLICIT_RETAIN_SELF = YES;
				CLANG_WARN_OBJC_LITERAL_CONVERSION = YES;
				CLANG_WARN_OBJC_ROOT_CLASS = YES_ERROR;
				CLANG_WARN_QUOTED_INCLUDE_IN_FRAMEWORK_HEADER = YES;
				CLANG_WARN_RANGE_LOOP_ANALYSIS = YES;
				CLANG_WARN_STRICT_PROTOTYPES = YES;
				CLANG_WARN_SUSPICIOUS_MOVE = YES;
				CLANG_WARN_UNGUARDED_AVAILABILITY = YES_AGGRESSIVE;
				CLANG_WARN_UNREACHABLE_CODE = YES;
				CLANG_WARN__DUPLICATE_METHOD_MATCH = YES;
				COPY_PHASE_STRIP = NO;
				DEBUG_INFORMATION_FORMAT = dwarf;
				ENABLE_STRICT_OBJC_MSGSEND = YES;
				ENABLE_TESTABILITY = YES;
				GCC_C_LANGUAGE_STANDARD = gnu11;
				GCC_DYNAMIC_NO_PIC = NO;
				GCC_NO_COMMON_BLOCKS = YES;
				GCC_OPTIMIZATION_LEVEL = 0;
				GCC_PREPROCESSOR_DEFINITIONS = (
					"DEBUG=1",
					"$(inherited)",
				);
				GCC_WARN_64_TO_32_BIT_CONVERSION = YES;
				GCC_WARN_ABOUT_RETURN_TYPE = YES_ERROR;
				GCC_WARN_UNDECLARED_SELECTOR = YES;
				GCC_WARN_UNINITIALIZED_AUTOS = YES_AGGRESSIVE;
				GCC_WARN_UNUSED_FUNCTION = YES;
				GCC_WARN_UNUSED_VARIABLE = YES;
				MTL_ENABLE_DEBUG_INFO = INCLUDE_SOURCE;
				MTL_FAST_MATH = YES;
				ONLY_ACTIVE_ARCH = YES;
				SWIFT_ACTIVE_COMPILATION_CONDITIONS = DEBUG;
				SWIFT_OPTIMIZATION_LEVEL = "-Onone";
				SWIFT_VERSION = 5.0;
			};
			name = Debug;
		};
		8CC712FA2801DAA8004C3DBA /* Release */ = {
			isa = XCBuildConfiguration;
			buildSettings = {
				ALWAYS_SEARCH_USER_PATHS = NO;
				CLANG_ANALYZER_NONNULL = YES;
				CLANG_ANALYZER_NUMBER_OBJECT_CONVERSION = YES_AGGRESSIVE;
				CLANG_CXX_LANGUAGE_STANDARD = "gnu++17";
				CLANG_ENABLE_MODULES = YES;
				CLANG_ENABLE_OBJC_ARC = YES;
				CLANG_ENABLE_OBJC_WEAK = YES;
				CLANG_WARN_BLOCK_CAPTURE_AUTORELEASING = YES;
				CLANG_WARN_BOOL_CONVERSION = YES;
				CLANG_WARN_COMMA = YES;
				CLANG_WARN_CONSTANT_CONVERSION = YES;
				CLANG_WARN_DEPRECATED_OBJC_IMPLEMENTATIONS = YES;
				CLANG_WARN_DIRECT_OBJC_ISA_USAGE = YES_ERROR;
				CLANG_WARN_DOCUMENTATION_COMMENTS = YES;
				CLANG_WARN_EMPTY_BODY = YES;
				CLANG_WARN_ENUM_CONVERSION = YES;
				CLANG_WARN_INFINITE_RECURSION = YES;
				CLANG_WARN_INT_CONVERSION = YES;
				CLANG_WARN_NON_LITERAL_NULL_CONVERSION = YES;
				CLANG_WARN_OBJC_IMPLICIT_RETAIN_SELF = YES;
				CLANG_WARN_OBJC_LITERAL_CONVERSION = YES;
				CLANG_WARN_OBJC_ROOT_CLASS = YES_ERROR;
				CLANG_WARN_QUOTED_INCLUDE_IN_FRAMEWORK_HEADER = YES;
				CLANG_WARN_RANGE_LOOP_ANALYSIS = YES;
				CLANG_WARN_STRICT_PROTOTYPES = YES;
				CLANG_WARN_SUSPICIOUS_MOVE = YES;
				CLANG_WARN_UNGUARDED_AVAILABILITY = YES_AGGRESSIVE;
				CLANG_WARN_UNREACHABLE_CODE = YES;
				CLANG_WARN__DUPLICATE_METHOD_MATCH = YES;
				COPY_PHASE_STRIP = NO;
				DEBUG_INFORMATION_FORMAT = "dwarf-with-dsym";
				ENABLE_NS_ASSERTIONS = NO;
				ENABLE_STRICT_OBJC_MSGSEND = YES;
				GCC_C_LANGUAGE_STANDARD = gnu11;
				GCC_NO_COMMON_BLOCKS = YES;
				GCC_WARN_64_TO_32_BIT_CONVERSION = YES;
				GCC_WARN_ABOUT_RETURN_TYPE = YES_ERROR;
				GCC_WARN_UNDECLARED_SELECTOR = YES;
				GCC_WARN_UNINITIALIZED_AUTOS = YES_AGGRESSIVE;
				GCC_WARN_UNUSED_FUNCTION = YES;
				GCC_WARN_UNUSED_VARIABLE = YES;
				MTL_ENABLE_DEBUG_INFO = NO;
				MTL_FAST_MATH = YES;
				SWIFT_COMPILATION_MODE = wholemodule;
				SWIFT_OPTIMIZATION_LEVEL = "-O";
				SWIFT_VERSION = 5.0;
			};
			name = Release;
		};
		8CC712FC2801DAA8004C3DBA /* Debug */ = {
			isa = XCBuildConfiguration;
			buildSettings = {
				ASSETCATALOG_COMPILER_APPICON_NAME = AppIcon;
				ASSETCATALOG_COMPILER_GLOBAL_ACCENT_COLOR_NAME = AccentColor;
				CODE_SIGN_STYLE = Automatic;
				CURRENT_PROJECT_VERSION = 1;
				ENABLE_PREVIEWS = YES;
				GENERATE_INFOPLIST_FILE = YES;
				INFOPLIST_KEY_UIApplicationSceneManifest_Generation = YES;
				INFOPLIST_KEY_UIApplicationSupportsIndirectInputEvents = YES;
				INFOPLIST_KEY_UILaunchScreen_Generation = YES;
				INFOPLIST_KEY_UISupportedInterfaceOrientations_iPad = "UIInterfaceOrientationPortrait UIInterfaceOrientationPortraitUpsideDown UIInterfaceOrientationLandscapeLeft UIInterfaceOrientationLandscapeRight";
				INFOPLIST_KEY_UISupportedInterfaceOrientations_iPhone = "UIInterfaceOrientationPortrait UIInterfaceOrientationLandscapeLeft UIInterfaceOrientationLandscapeRight";
				IPHONEOS_DEPLOYMENT_TARGET = 15.4;
				LD_RUNPATH_SEARCH_PATHS = (
					"$(inherited)",
					"@executable_path/Frameworks",
				);
				MARKETING_VERSION = 1.0;
				PRODUCT_BUNDLE_IDENTIFIER = MaciejMoczadlo.ToDoAPP;
				PRODUCT_NAME = ToDoAPP;
				SDKROOT = iphoneos;
				SWIFT_EMIT_LOC_STRINGS = YES;
				SWIFT_VERSION = 5.0;
				TARGETED_DEVICE_FAMILY = "1,2";
			};
			name = Debug;
		};
		8CC712FD2801DAA8004C3DBA /* Release */ = {
			isa = XCBuildConfiguration;
			buildSettings = {
				ASSETCATALOG_COMPILER_APPICON_NAME = AppIcon;
				ASSETCATALOG_COMPILER_GLOBAL_ACCENT_COLOR_NAME = AccentColor;
				CODE_SIGN_STYLE = Automatic;
				CURRENT_PROJECT_VERSION = 1;
				ENABLE_PREVIEWS = YES;
				GENERATE_INFOPLIST_FILE = YES;
				INFOPLIST_KEY_UIApplicationSceneManifest_Generation = YES;
				INFOPLIST_KEY_UIApplicationSupportsIndirectInputEvents = YES;
				INFOPLIST_KEY_UILaunchScreen_Generation = YES;
				INFOPLIST_KEY_UISupportedInterfaceOrientations_iPad = "UIInterfaceOrientationPortrait UIInterfaceOrientationPortraitUpsideDown UIInterfaceOrientationLandscapeLeft UIInterfaceOrientationLandscapeRight";
				INFOPLIST_KEY_UISupportedInterfaceOrientations_iPhone = "UIInterfaceOrientationPortrait UIInterfaceOrientationLandscapeLeft UIInterfaceOrientationLandscapeRight";
				IPHONEOS_DEPLOYMENT_TARGET = 15.4;
				LD_RUNPATH_SEARCH_PATHS = (
					"$(inherited)",
					"@executable_path/Frameworks",
				);
				MARKETING_VERSION = 1.0;
				PRODUCT_BUNDLE_IDENTIFIER = MaciejMoczadlo.ToDoAPP;
				PRODUCT_NAME = ToDoAPP;
				SDKROOT = iphoneos;
				SWIFT_EMIT_LOC_STRINGS = YES;
				SWIFT_VERSION = 5.0;
				TARGETED_DEVICE_FAMILY = "1,2";
				VALIDATE_PRODUCT = YES;
			};
			name = Release;
		};
		8CC712FF2801DAA8004C3DBA /* Debug */ = {
			isa = XCBuildConfiguration;
			buildSettings = {
				ASSETCATALOG_COMPILER_APPICON_NAME = AppIcon;
				ASSETCATALOG_COMPILER_GLOBAL_ACCENT_COLOR_NAME = AccentColor;
				CODE_SIGN_ENTITLEMENTS = macOS/macOS.entitlements;
				CODE_SIGN_STYLE = Automatic;
				COMBINE_HIDPI_IMAGES = YES;
				CURRENT_PROJECT_VERSION = 1;
				ENABLE_PREVIEWS = YES;
				GENERATE_INFOPLIST_FILE = YES;
				INFOPLIST_KEY_NSHumanReadableCopyright = "";
				LD_RUNPATH_SEARCH_PATHS = (
					"$(inherited)",
					"@executable_path/../Frameworks",
				);
				MACOSX_DEPLOYMENT_TARGET = 12.1;
				MARKETING_VERSION = 1.0;
				PRODUCT_BUNDLE_IDENTIFIER = MaciejMoczadlo.ToDoAPP;
				PRODUCT_NAME = ToDoAPP;
				SDKROOT = macosx;
				SWIFT_EMIT_LOC_STRINGS = YES;
				SWIFT_VERSION = 5.0;
			};
			name = Debug;
		};
		8CC713002801DAA8004C3DBA /* Release */ = {
			isa = XCBuildConfiguration;
			buildSettings = {
				ASSETCATALOG_COMPILER_APPICON_NAME = AppIcon;
				ASSETCATALOG_COMPILER_GLOBAL_ACCENT_COLOR_NAME = AccentColor;
				CODE_SIGN_ENTITLEMENTS = macOS/macOS.entitlements;
				CODE_SIGN_STYLE = Automatic;
				COMBINE_HIDPI_IMAGES = YES;
				CURRENT_PROJECT_VERSION = 1;
				ENABLE_PREVIEWS = YES;
				GENERATE_INFOPLIST_FILE = YES;
				INFOPLIST_KEY_NSHumanReadableCopyright = "";
				LD_RUNPATH_SEARCH_PATHS = (
					"$(inherited)",
					"@executable_path/../Frameworks",
				);
				MACOSX_DEPLOYMENT_TARGET = 12.1;
				MARKETING_VERSION = 1.0;
				PRODUCT_BUNDLE_IDENTIFIER = MaciejMoczadlo.ToDoAPP;
				PRODUCT_NAME = ToDoAPP;
				SDKROOT = macosx;
				SWIFT_EMIT_LOC_STRINGS = YES;
				SWIFT_VERSION = 5.0;
			};
			name = Release;
		};
		8CC713022801DAA8004C3DBA /* Debug */ = {
			isa = XCBuildConfiguration;
			buildSettings = {
				ALWAYS_EMBED_SWIFT_STANDARD_LIBRARIES = YES;
				CODE_SIGN_STYLE = Automatic;
				CURRENT_PROJECT_VERSION = 1;
				GENERATE_INFOPLIST_FILE = YES;
				IPHONEOS_DEPLOYMENT_TARGET = 15.4;
				MARKETING_VERSION = 1.0;
				PRODUCT_BUNDLE_IDENTIFIER = "MaciejMoczadlo.Tests-iOS";
				PRODUCT_NAME = "$(TARGET_NAME)";
				SDKROOT = iphoneos;
				SWIFT_EMIT_LOC_STRINGS = NO;
				SWIFT_VERSION = 5.0;
				TARGETED_DEVICE_FAMILY = "1,2";
				TEST_TARGET_NAME = "ToDoAPP (iOS)";
			};
			name = Debug;
		};
		8CC713032801DAA8004C3DBA /* Release */ = {
			isa = XCBuildConfiguration;
			buildSettings = {
				ALWAYS_EMBED_SWIFT_STANDARD_LIBRARIES = YES;
				CODE_SIGN_STYLE = Automatic;
				CURRENT_PROJECT_VERSION = 1;
				GENERATE_INFOPLIST_FILE = YES;
				IPHONEOS_DEPLOYMENT_TARGET = 15.4;
				MARKETING_VERSION = 1.0;
				PRODUCT_BUNDLE_IDENTIFIER = "MaciejMoczadlo.Tests-iOS";
				PRODUCT_NAME = "$(TARGET_NAME)";
				SDKROOT = iphoneos;
				SWIFT_EMIT_LOC_STRINGS = NO;
				SWIFT_VERSION = 5.0;
				TARGETED_DEVICE_FAMILY = "1,2";
				TEST_TARGET_NAME = "ToDoAPP (iOS)";
				VALIDATE_PRODUCT = YES;
			};
			name = Release;
		};
		8CC713052801DAA8004C3DBA /* Debug */ = {
			isa = XCBuildConfiguration;
			buildSettings = {
				ALWAYS_EMBED_SWIFT_STANDARD_LIBRARIES = YES;
				CODE_SIGN_STYLE = Automatic;
				CURRENT_PROJECT_VERSION = 1;
				GENERATE_INFOPLIST_FILE = YES;
				MACOSX_DEPLOYMENT_TARGET = 12.1;
				MARKETING_VERSION = 1.0;
				PRODUCT_BUNDLE_IDENTIFIER = "MaciejMoczadlo.Tests-macOS";
				PRODUCT_NAME = "$(TARGET_NAME)";
				SDKROOT = macosx;
				SWIFT_EMIT_LOC_STRINGS = NO;
				SWIFT_VERSION = 5.0;
				TEST_TARGET_NAME = "ToDoAPP (macOS)";
			};
			name = Debug;
		};
		8CC713062801DAA8004C3DBA /* Release */ = {
			isa = XCBuildConfiguration;
			buildSettings = {
				ALWAYS_EMBED_SWIFT_STANDARD_LIBRARIES = YES;
				CODE_SIGN_STYLE = Automatic;
				CURRENT_PROJECT_VERSION = 1;
				GENERATE_INFOPLIST_FILE = YES;
				MACOSX_DEPLOYMENT_TARGET = 12.1;
				MARKETING_VERSION = 1.0;
				PRODUCT_BUNDLE_IDENTIFIER = "MaciejMoczadlo.Tests-macOS";
				PRODUCT_NAME = "$(TARGET_NAME)";
				SDKROOT = macosx;
				SWIFT_EMIT_LOC_STRINGS = NO;
				SWIFT_VERSION = 5.0;
				TEST_TARGET_NAME = "ToDoAPP (macOS)";
			};
			name = Release;
		};
/* End XCBuildConfiguration section */

/* Begin XCConfigurationList section */
		8CC712C92801DAA5004C3DBA /* Build configuration list for PBXProject "ToDoAPP" */ = {
			isa = XCConfigurationList;
			buildConfigurations = (
				8CC712F92801DAA8004C3DBA /* Debug */,
				8CC712FA2801DAA8004C3DBA /* Release */,
			);
			defaultConfigurationIsVisible = 0;
			defaultConfigurationName = Release;
		};
		8CC712FB2801DAA8004C3DBA /* Build configuration list for PBXNativeTarget "ToDoAPP (iOS)" */ = {
			isa = XCConfigurationList;
			buildConfigurations = (
				8CC712FC2801DAA8004C3DBA /* Debug */,
				8CC712FD2801DAA8004C3DBA /* Release */,
			);
			defaultConfigurationIsVisible = 0;
			defaultConfigurationName = Release;
		};
		8CC712FE2801DAA8004C3DBA /* Build configuration list for PBXNativeTarget "ToDoAPP (macOS)" */ = {
			isa = XCConfigurationList;
			buildConfigurations = (
				8CC712FF2801DAA8004C3DBA /* Debug */,
				8CC713002801DAA8004C3DBA /* Release */,
			);
			defaultConfigurationIsVisible = 0;
			defaultConfigurationName = Release;
		};
		8CC713012801DAA8004C3DBA /* Build configuration list for PBXNativeTarget "Tests iOS" */ = {
			isa = XCConfigurationList;
			buildConfigurations = (
				8CC713022801DAA8004C3DBA /* Debug */,
				8CC713032801DAA8004C3DBA /* Release */,
			);
			defaultConfigurationIsVisible = 0;
			defaultConfigurationName = Release;
		};
		8CC713042801DAA8004C3DBA /* Build configuration list for PBXNativeTarget "Tests macOS" */ = {
			isa = XCConfigurationList;
			buildConfigurations = (
				8CC713052801DAA8004C3DBA /* Debug */,
				8CC713062801DAA8004C3DBA /* Release */,
			);
			defaultConfigurationIsVisible = 0;
			defaultConfigurationName = Release;
		};
/* End XCConfigurationList section */
	};
	rootObject = 8CC712C62801DAA5004C3DBA /* Project object */;
}
